{
    "_meta": {
        "hash": {
            "sha256": "bfead8a6d84abbc01fa92a7f30193cef9f43355cc2d976670bf2dd92d2229ef1"
        },
        "host-environment-markers": {
            "implementation_name": "cpython",
            "implementation_version": "3.6.1",
            "os_name": "posix",
            "platform_machine": "x86_64",
            "platform_python_implementation": "CPython",
            "platform_release": "4.8.0-59-generic",
            "platform_system": "Linux",
            "platform_version": "#64-Ubuntu SMP Thu Jun 29 19:38:34 UTC 2017",
            "python_full_version": "3.6.1",
            "python_version": "3.6",
            "sys_platform": "linux"
        },
        "pipfile-spec": 6,
        "requires": {},
        "sources": [
            {
                "name": "pypi",
                "url": "https://pypi.python.org/simple",
                "verify_ssl": true
            }
        ]
    },
    "default": {
        "certifi": {
            "hashes": [
                "sha256:54a07c09c586b0e4c619f02a5e94e36619da8e2b053e20f594348c0611803704",
                "sha256:40523d2efb60523e113b44602298f0960e900388cf3bb6043f645cf57ea9e3f5"
            ],
            "version": "==2017.7.27.1"
        },
        "chardet": {
            "hashes": [
                "sha256:fc323ffcaeaed0e0a02bf4d117757b98aed530d9ed4531e3e15460124c106691",
                "sha256:84ab92ed1c4d4f16916e05906b6b75a6c0fb5db821cc65e70cbd64a3e2a5eaae"
            ],
            "version": "==3.0.4"
        },
        "click": {
            "hashes": [
                "sha256:29f99fc6125fbc931b758dc053b3114e55c77a6e4c6c3a2674a2dc986016381d",
                "sha256:f15516df478d5a56180fbf80e68f206010e6d160fc39fa508b65e035fd75130b"
            ],
            "version": "==6.7"
        },
        "fake-useragent": {
            "hashes": [
                "sha256:729a9b0d31565db6795ee7f123aa4a980d9446550628303307de4cd69e6d42c6"
            ],
            "version": "==0.1.7"
        },
        "flask": {
            "hashes": [
                "sha256:0749df235e3ff61ac108f69ac178c9770caeaccad2509cb762ce1f65570a8856",
                "sha256:49f44461237b69ecd901cc7ce66feea0319b9158743dd27a2899962ab214dac1"
            ],
            "version": "==0.12.2"
        },
        "icalendar": {
            "hashes": [
                "sha256:9457f91bcba40cda68f5c48d6533d896dae98f6c7cfbe13fb1ac1dec9e96c98b",
                "sha256:ecadaec5b5ebbae19640dac65a11e0adeabfeb16fb342c1a853f4a8e520c0e2a"
            ],
            "version": "==3.11.7"
        },
        "idna": {
            "hashes": [
                "sha256:8c7309c718f94b3a625cb648ace320157ad16ff131ae0af362c9f21b80ef6ec4",
                "sha256:2c6a5de3089009e3da7c5dde64a141dbc8551d5b7f6cf4ed7c2568d0cc520a8f"
            ],
            "version": "==2.6"
        },
        "itsdangerous": {
            "hashes": [
                "sha256:cbb3fcf8d3e33df861709ecaf89d9e6629cff0a217bc2848f1b41cd30d360519"
            ],
            "version": "==0.24"
        },
        "jinja2": {
            "hashes": [
                "sha256:2231bace0dfd8d2bf1e5d7e41239c06c9e0ded46e70cc1094a0aa64b0afeb054",
                "sha256:ddaa01a212cd6d641401cb01b605f4a4d9f37bfc93043d7f760ec70fb99ff9ff"
            ],
            "version": "==2.9.6"
        },
        "lxml": {
            "hashes": [
                "sha256:3593f49858fc6229cd93326be06b099ae477fd65d8f4a981320a6d0bb7fc7a5a",
                "sha256:8996df6b0f205b00b89bbd04d88f1fa1e04139a025fd291aa4ddd05dc86836f4",
                "sha256:9f399c37b8e61c3989ef12ecf0abd9c10a5075f0fc9ad1ecd67ce6f9c72a7211",
                "sha256:550a51dee73c14e5863bdbbbe5836b2b8092a3f92631b5a908b9c41e72f123a5",
                "sha256:e37eda3d05519918403084b43eb7324df21a0daf45c8ae8172a860710dd0fa78",
                "sha256:48ab0e79175fd16f9478edc679ee14c79524c64b26f665f92cbecff81312d04d",
                "sha256:52e18dd86f153c4383bb4c4ef62f81f9b7e44809d068848a5a183b2285496faf",
                "sha256:0b8f3d6e669ea26849a6184f04c7802dbef6fd418a8b90e6c026e237db07af31",
                "sha256:567b76f291a8d02aa8b4d3f8295ae749ac4d532570d8a8c7176f0556c7d95891",
                "sha256:61825daaf2d80dc3da7635ee108720b0739962db008343822753bbf343cbfd14",
                "sha256:b7f6ef610680709be11cb7662e46e254bc561dafe0de3b4848be2cf3924bd300",
                "sha256:824664493a012f5b70396e841a4b4049bdaf445a70307e60f82fe35619f72cc7",
                "sha256:e908d685800626f10cd6ae01a013fc42094be167fb2a683eb920dfddfaa0ee76",
                "sha256:10c86b2248043f4428be33ed10202764b02b281eaa4550f16f0fbbc6ccaae9ac",
                "sha256:d9ec728caddb161405e7c33ed9d176e96309893481370163bbf4b00e43008795",
                "sha256:b2ecb3fd5470b740dfc21b064bbc1337be4b7b805994a868488145d36f35f517",
                "sha256:a211288459c9115ddb255ff88e8ac12dc2063e70bddc15e3c65136477a358bb5",
                "sha256:1f81074e77c25f9b787fa3854f400ca924d3d798cb7ae910c0e7920be7138c90",
                "sha256:99b7eabfb46663ed5918eca4ed12420613ba24196964a741ccd962d09296c0b2",
                "sha256:a8ad0adeedbbb7b85916214fcd4f5d02829d0e7b3c32abc298789218b6c3d699",
                "sha256:88d137e440b5de35df2e0616da8e28a88d0119abdaa84520ad1ba815ee9da732",
                "sha256:c4e02657e629f02ab8712471d77d6896c2cf6f09f8ffa6a0f23b1b1ef0318474",
                "sha256:9581b438e5d0d0a6fa3937fac2abffd95380bd513bcd39f6952bfcf20cf0b9a7",
                "sha256:c446fde3284c363cd2085ad1ce5a07c18f15f6766d72684622bc14b0a9ddfd29",
                "sha256:d4507916c408feec2ea8cee3f0d1380e49ea431f6e07b0dd927388bd6e92d6eb",
                "sha256:7030f44b758e930fd09ade87d770f5a231a19a8c561a3acc54e5122b5ec09e29",
                "sha256:d78c0a114cf127a41a526aef99aef539c0b2537e57f04a2cc7a49e2c94a44ab8",
                "sha256:f7bc9f702500e205b1560d620f14015fec76dcd6f9e889a946a2ddcc3c344fd0"
            ],
            "version": "==4.0.0"
        },
        "markupsafe": {
            "hashes": [
                "sha256:a6be69091dac236ea9c6bc7d012beab42010fa914c459791d627dad4910eb665"
            ],
            "version": "==1.0"
        },
        "pyatom": {
            "hashes": [
                "sha256:dbf05b5c30138ac720acf2cb77af819477e554607fa12ade0d8bb764c5756bf3"
            ],
            "version": "==1.4"
        },
        "python-dateutil": {
            "hashes": [
                "sha256:95511bae634d69bc7329ba55e646499a842bc4ec342ad54a8cdb65645a0aad3c",
                "sha256:891c38b2a02f5bb1be3e4793866c8df49c7d19baabf9c1bad62547e0b4866aca"
            ],
            "version": "==2.6.1"
        },
        "pytz": {
            "hashes": [
                "sha256:c883c2d6670042c7bc1688645cac73dd2b03193d1f7a6847b6154e96890be06d",
                "sha256:03c9962afe00e503e2d96abab4e8998a0f84d4230fa57afe1e0528473698cdd9",
                "sha256:487e7d50710661116325747a9cd1744d3323f8e49748e287bc9e659060ec6bf9",
                "sha256:43f52d4c6a0be301d53ebd867de05e2926c35728b3260157d274635a0a947f1c",
                "sha256:d1d6729c85acea5423671382868627129432fba9a89ecbb248d8d1c7a9f01c67",
                "sha256:54a935085f7bf101f86b2aff75bd9672b435f51c3339db2ff616e66845f2b8f9",
                "sha256:39504670abb5dae77f56f8eb63823937ce727d7cdd0088e6909e6dcac0f89043",
                "sha256:ddc93b6d41cfb81266a27d23a79e13805d4a5521032b512643af8729041a81b4",
                "sha256:f5c056e8f62d45ba8215e5cb8f50dfccb198b4b9fbea8500674f3443e4689589"
            ],
            "version": "==2017.2"
        },
        "requests": {
            "hashes": [
                "sha256:6a1b267aa90cac58ac3a765d067950e7dbbf75b1da07e895d1f594193a40a38b",
                "sha256:9c443e7324ba5b85070c4a818ade28bfabedf16ea10206da1132edaa6dda237e"
            ],
            "version": "==2.18.4"
        },
        "six": {
            "hashes": [
                "sha256:832dc0e10feb1aa2c68dcc57dbb658f1c7e65b9b61af69048abc87a2db00a0eb",
                "sha256:70e8a77beed4562e7f14fe23a786b54f6296e34344c23bc42f07b15018ff98e9"
            ],
            "version": "==1.11.0"
        },
        "urllib3": {
            "hashes": [
                "sha256:06330f386d6e4b195fbfc736b297f58c5a892e4440e54d294d7004e3a9bbea1b",
                "sha256:cc44da8e1145637334317feebd728bd869a35285b93cbb4cca2577da7e62db4f"
            ],
            "version": "==1.22"
        },
        "uwsgi": {
            "hashes": [
                "sha256:572ef9696b97595b4f44f6198fe8c06e6f4e6351d930d22e5330b071391272ff"
            ],
            "version": "==2.0.15"
        },
        "werkzeug": {
            "hashes": [
                "sha256:e8549c143af3ce6559699a01e26fa4174f4c591dbee0a499f3cd4c3781cdec3d",
                "sha256:903a7b87b74635244548b30d30db4c8947fe64c5198f58899ddcd3a13c23bb26"
            ],
            "version": "==0.12.2"
        }
    },
    "develop": {
        "flake8": {
            "hashes": [
                "sha256:f1a9d8886a9cbefb52485f4f4c770832c7fb569c084a9a314fb1eaa37c0c2c86",
                "sha256:c20044779ff848f67f89c56a0e4624c04298cd476e25253ac0c36f910a1a11d8"
            ],
            "version": "==3.4.1"
        },
        "honcho": {
            "hashes": [
                "sha256:af5806bf13e3b20acdcb9ff8c0beb91eee6fe07393c3448dfad89667e6ac7576",
                "sha256:c189402ad2e337777283c6a12d0f4f61dc6dd20c254c9a3a4af5087fc66cea6e"
            ],
            "version": "==1.0.1"
        },
        "mccabe": {
            "hashes": [
                "sha256:ab8a6258860da4b6677da4bd2fe5dc2c659cff31b3ee4f7f5d64e79735b80d42",
                "sha256:dd8d182285a0fe56bace7f45b5e7d1a6ebcbf524e8f3bd87eb0f125271b8831f"
            ],
            "version": "==0.6.1"
        },
        "pycodestyle": {
            "hashes": [
                "sha256:6c4245ade1edfad79c3446fadfc96b0de2759662dc29d07d80a6f27ad1ca6ba9",
                "sha256:682256a5b318149ca0d2a9185d365d8864a768a28db66a84a2ea946bcc426766"
            ],
            "version": "==2.3.1"
        },
        "pyflakes": {
            "hashes": [
                "sha256:cc5eadfb38041f8366128786b4ca12700ed05bbf1403d808e89d57d67a3875a7",
                "sha256:aa0d4dff45c0cc2214ba158d29280f8fa1129f3e87858ef825930845146337f4"
            ],
            "version": "==1.5.0"
        }
    }
}
