{
    "_meta": {
        "hash": {
            "sha256": "38d6a9f8363afb3cb8730877054e73dcf4614a01267e9ee391b28ca5ad3877ef"
        },
        "host-environment-markers": {
            "implementation_name": "cpython",
            "implementation_version": "0",
            "os_name": "posix",
            "platform_machine": "x86_64",
            "platform_python_implementation": "CPython",
            "platform_release": "4.4.0-43-Microsoft",
            "platform_system": "Linux",
            "platform_version": "#1-Microsoft Wed Dec 31 14:42:53 PST 2014",
            "python_full_version": "2.7.12",
            "python_version": "2.7",
            "sys_platform": "linux2"
        },
        "pipfile-spec": 6,
        "requires": {},
        "sources": [
            {
                "name": "pypi",
                "url": "https://pypi.python.org/simple",
                "verify_ssl": true
            }
        ]
    },
    "default": {
        "certifi": {
            "hashes": [
                "sha256:54a07c09c586b0e4c619f02a5e94e36619da8e2b053e20f594348c0611803704",
                "sha256:40523d2efb60523e113b44602298f0960e900388cf3bb6043f645cf57ea9e3f5"
            ],
            "version": "==2017.7.27.1"
        },
        "chardet": {
            "hashes": [
                "sha256:fc323ffcaeaed0e0a02bf4d117757b98aed530d9ed4531e3e15460124c106691",
                "sha256:84ab92ed1c4d4f16916e05906b6b75a6c0fb5db821cc65e70cbd64a3e2a5eaae"
            ],
            "version": "==3.0.4"
        },
        "click": {
            "hashes": [
                "sha256:29f99fc6125fbc931b758dc053b3114e55c77a6e4c6c3a2674a2dc986016381d",
                "sha256:f15516df478d5a56180fbf80e68f206010e6d160fc39fa508b65e035fd75130b"
            ],
            "version": "==6.7"
        },
        "fake-useragent": {
            "hashes": [
                "sha256:729a9b0d31565db6795ee7f123aa4a980d9446550628303307de4cd69e6d42c6"
            ],
            "version": "==0.1.7"
        },
        "flask": {
            "hashes": [
                "sha256:0749df235e3ff61ac108f69ac178c9770caeaccad2509cb762ce1f65570a8856",
                "sha256:49f44461237b69ecd901cc7ce66feea0319b9158743dd27a2899962ab214dac1"
            ],
            "version": "==0.12.2"
        },
        "icalendar": {
            "hashes": [
                "sha256:9457f91bcba40cda68f5c48d6533d896dae98f6c7cfbe13fb1ac1dec9e96c98b",
                "sha256:ecadaec5b5ebbae19640dac65a11e0adeabfeb16fb342c1a853f4a8e520c0e2a"
            ],
            "version": "==3.11.7"
        },
        "idna": {
            "hashes": [
                "sha256:8c7309c718f94b3a625cb648ace320157ad16ff131ae0af362c9f21b80ef6ec4",
                "sha256:2c6a5de3089009e3da7c5dde64a141dbc8551d5b7f6cf4ed7c2568d0cc520a8f"
            ],
            "version": "==2.6"
        },
        "itsdangerous": {
            "hashes": [
                "sha256:cbb3fcf8d3e33df861709ecaf89d9e6629cff0a217bc2848f1b41cd30d360519"
            ],
            "version": "==0.24"
        },
        "jinja2": {
            "hashes": [
                "sha256:2231bace0dfd8d2bf1e5d7e41239c06c9e0ded46e70cc1094a0aa64b0afeb054",
                "sha256:ddaa01a212cd6d641401cb01b605f4a4d9f37bfc93043d7f760ec70fb99ff9ff"
            ],
            "version": "==2.9.6"
        },
        "lxml": {
            "hashes": [
                "sha256:7a8715539adb41c78129983ba69d852e0102a3f51d559eeb91dce1f6290c4ad0",
                "sha256:d3a98dda9831a37ef7f55c5e69c0d276c278f24978f5b36b9fad7eac05a22bfc",
                "sha256:1deacd52638da2d7fcb864c3949f0285638ec10e6aace93ce15c6a2e0ed91b95",
                "sha256:1548247ea3b50014a3ea55ad9446108df191b6a6e51aa8f5953c95b663f382ff",
                "sha256:5da6f5b31ea2b573cb20e88aefc6b49d849d07588ba60871342cae42f569b0d7",
                "sha256:12e348eb57fb79ccf91a49b7b937c49a5bbe1d73ba75589674b76a56d064bda0",
                "sha256:b9e1735918fc1e83c522b9f1048e6bc5af38af958e4efc843046e4b0075a021b",
                "sha256:fafeb4b190bd63ba2bcee2496d99cb7345fafbace6b999403010abdff8c05b72",
                "sha256:9007da6fb1b96fb1c9d7bd65e97bbbad60295abc19833d7e67e05314c1868f58",
                "sha256:cfbf0b956f33cda3af2a1438a2541549b69a7a240e71de7d8ca819b8f1547aac",
                "sha256:0a103253a94cdad86028d273aaebb8b30c75fdf009c23e52cdc8ce88429fd326",
                "sha256:b3d5a0ecf0c2c31c404246b6706b2e477159ee07b73be5102389ab250dd67701",
                "sha256:e92af0fd08c7d2176ad4be4a7c47fd800d6ee05046b41e36ed579c01fb106c25",
                "sha256:feb2144c2ae4035ad57165dd22bdc93b1389158a985c0497a096d39e2b2cd67b",
                "sha256:a4433655219b84a360dbdf2c34d9625c3988a272e6fc028222d528ad5902f6a2",
                "sha256:db98287cb1488eb103930a64444542f6ffe83694ef392f801aa56d648d905663",
                "sha256:307d325ee143b60b9c82912e96e9f4345200c33c8ae00b04b001e4c85fb5f146",
                "sha256:5caec9b174dbf927034d588669c62d2a9d0ce447365b20a3463f4daab1e4f03b",
                "sha256:fb816595494ce21191764572215f56edfbc6d9fbebd1491c8466502892989689",
                "sha256:10399bececdb67f0d9251ecf2dda2abf6ddeee6096741754356f1a3715c8c830",
                "sha256:c263fd15d27f3be93485fcd83a495cbbc35352512d9e31644d49a54504a1be2a",
                "sha256:c10ad53216d5af2b3ba63e65db793cb7dd7e598e17826938045e32f38b0e4814",
                "sha256:d42a5182d4b0953d02e5f46c9f0dc304be736fbaa1c0d2f11326182b9684b5f4",
                "sha256:dd7c22bf890d266e72c5e5c8c44555ffbfe4ca2a329da785e7d8b1972fc3ff74",
                "sha256:93df9805146980e83834ea9320baa6a56d8aea45f63d7d3cc721f71eb1a1bac6",
                "sha256:7ba1b62fe9414d73d493241011df952b72074808debc3a2d6d8a64fb9944edf6",
                "sha256:d2c121f5f77bed1e1eddeee23ee76fee8a3d48fa7a3aab589d12942f87778a9e",
                "sha256:be3aaeb5f468a49f523f16736ccff7d82af2b4b303292ba3d052b5b28f3fbe47"
            ],
            "version": "==4.1.0"
        },
        "markupsafe": {
            "hashes": [
                "sha256:a6be69091dac236ea9c6bc7d012beab42010fa914c459791d627dad4910eb665"
            ],
            "version": "==1.0"
        },
        "pyatom": {
            "hashes": [
                "sha256:dbf05b5c30138ac720acf2cb77af819477e554607fa12ade0d8bb764c5756bf3"
            ],
            "version": "==1.4"
        },
        "python-dateutil": {
            "hashes": [
                "sha256:95511bae634d69bc7329ba55e646499a842bc4ec342ad54a8cdb65645a0aad3c",
                "sha256:891c38b2a02f5bb1be3e4793866c8df49c7d19baabf9c1bad62547e0b4866aca"
            ],
            "version": "==2.6.1"
        },
        "pytz": {
            "hashes": [
                "sha256:80af0f3008046b9975242012a985f04c5df1f01eed4ec1633d56cc47a75a6a48",
                "sha256:feb2365914948b8620347784b6b6da356f31c9d03560259070b2f30cff3d469d",
                "sha256:59707844a9825589878236ff2f4e0dc9958511b7ffaae94dc615da07d4a68d33",
                "sha256:d0ef5ef55ed3d37854320d4926b04a4cb42a2e88f71da9ddfdacfde8e364f027",
                "sha256:c41c62827ce9cafacd6f2f7018e4f83a6f1986e87bfd000b8cfbd4ab5da95f1a",
                "sha256:8cc90340159b5d7ced6f2ba77694d946fc975b09f1a51d93f3ce3bb399396f94",
                "sha256:dd2e4ca6ce3785c8dd342d1853dd9052b19290d5bf66060846e5dc6b8d6667f7",
                "sha256:699d18a2a56f19ee5698ab1123bbcc1d269d061996aeb1eda6d89248d3542b82",
                "sha256:fae4cffc040921b8a2d60c6cf0b5d662c1190fe54d718271db4eb17d44a185b7"
            ],
            "version": "==2017.3"
        },
        "requests": {
            "hashes": [
                "sha256:6a1b267aa90cac58ac3a765d067950e7dbbf75b1da07e895d1f594193a40a38b",
                "sha256:9c443e7324ba5b85070c4a818ade28bfabedf16ea10206da1132edaa6dda237e"
            ],
            "version": "==2.18.4"
        },
        "six": {
            "hashes": [
                "sha256:832dc0e10feb1aa2c68dcc57dbb658f1c7e65b9b61af69048abc87a2db00a0eb",
                "sha256:70e8a77beed4562e7f14fe23a786b54f6296e34344c23bc42f07b15018ff98e9"
            ],
            "version": "==1.11.0"
        },
        "urllib3": {
            "hashes": [
                "sha256:06330f386d6e4b195fbfc736b297f58c5a892e4440e54d294d7004e3a9bbea1b",
                "sha256:cc44da8e1145637334317feebd728bd869a35285b93cbb4cca2577da7e62db4f"
            ],
            "version": "==1.22"
        },
        "uwsgi": {
            "hashes": [
                "sha256:572ef9696b97595b4f44f6198fe8c06e6f4e6351d930d22e5330b071391272ff"
            ],
            "version": "==2.0.15"
        },
        "werkzeug": {
            "hashes": [
                "sha256:e8549c143af3ce6559699a01e26fa4174f4c591dbee0a499f3cd4c3781cdec3d",
                "sha256:903a7b87b74635244548b30d30db4c8947fe64c5198f58899ddcd3a13c23bb26"
            ],
            "version": "==0.12.2"
        }
    },
    "develop": {
        "asttokens": {
            "hashes": [
                "sha256:37d32633cdeaebfd171f548aa0e77cc863b0692a1e96dc93d49c997a8d655a1a",
                "sha256:97f568e6eaf9a133850bd5370193ef10a459fc9fff0c8954e986a30b44415a88"
            ],
            "version": "==1.1.6"
        },
        "configparser": {
            "hashes": [
                "sha256:5308b47021bc2340965c371f0f058cc6971a04502638d4244225c49d80db273a"
            ],
            "markers": "python_version < '3.2'",
            "version": "==3.5.0"
        },
        "enum34": {
            "hashes": [
                "sha256:6bd0f6ad48ec2aa117d3d141940d484deccda84d4fcd884f5c3d93c23ecd8c79",
                "sha256:644837f692e5f550741432dd3f223bbb9852018674981b1664e5dc339387588a",
                "sha256:8ad8c4783bf61ded74527bffb48ed9b54166685e4230386a9ed9b1279e2df5b1",
                "sha256:2d81cbbe0e73112bdfe6ef8576f2238f2ba27dd0d55752a776c41d38b7da2850"
            ],
            "markers": "python_version < '3.4'",
            "version": "==1.1.6"
        },
        "flake8": {
            "hashes": [
                "sha256:c7841163e2b576d435799169b78703ad6ac1bbb0f199994fc05f700b2a90ea37",
                "sha256:7253265f7abd8b313e3892944044a365e3f4ac3fcdcfb4298f55ee9ddf188ba0"
            ],
            "version": "==3.5.0"
        },
        "flake8-import-order": {
            "hashes": [
                "sha256:26c052d93d8b2d17c5e31bdcf0cdcb513c0b039d2671905dc9ddb5bcec8f72e1",
                "sha256:a025f6d691e6ca3a749ebcb9dea8ee3aa341407d767dda1c263060f80f6b377e"
            ],
            "version": "==0.14.3"
        },
        "flake8-import-order-spoqa": {
            "hashes": [
                "sha256:7cbe4d15741bdcbc5041025d3f4df8d67596b26a83f2e310c97fbf4d2b6a2903",
                "sha256:1aa5d865533353541be8aced144a2c187f188fddcfb4904078b79d0c0ac9cd1d"
            ],
            "version": "==1.1.0"
        },
        "honcho": {
            "hashes": [
                "sha256:af5806bf13e3b20acdcb9ff8c0beb91eee6fe07393c3448dfad89667e6ac7576",
                "sha256:c189402ad2e337777283c6a12d0f4f61dc6dd20c254c9a3a4af5087fc66cea6e"
            ],
            "version": "==1.0.1"
        },
        "mccabe": {
            "hashes": [
                "sha256:ab8a6258860da4b6677da4bd2fe5dc2c659cff31b3ee4f7f5d64e79735b80d42",
                "sha256:dd8d182285a0fe56bace7f45b5e7d1a6ebcbf524e8f3bd87eb0f125271b8831f"
            ],
            "version": "==0.6.1"
        },
        "pycodestyle": {
            "hashes": [
                "sha256:6c4245ade1edfad79c3446fadfc96b0de2759662dc29d07d80a6f27ad1ca6ba9",
                "sha256:682256a5b318149ca0d2a9185d365d8864a768a28db66a84a2ea946bcc426766"
            ],
            "version": "==2.3.1"
        },
        "pyflakes": {
            "hashes": [
                "sha256:08bd6a50edf8cffa9fa09a463063c425ecaaf10d1eb0335a7e8b1401aef89e6f",
                "sha256:8d616a382f243dbf19b54743f280b80198be0bca3a5396f1d2e1fca6223e8805"
            ],
            "version": "==1.6.0"
        },
        "six": {
            "hashes": [
                "sha256:832dc0e10feb1aa2c68dcc57dbb658f1c7e65b9b61af69048abc87a2db00a0eb",
                "sha256:70e8a77beed4562e7f14fe23a786b54f6296e34344c23bc42f07b15018ff98e9"
            ],
            "version": "==1.11.0"
        }
    }
}
